// !$*UTF8*$!
{
	archiveVersion = 1;
	classes = {
	};
	objectVersion = 50;
	objects = {

/* Begin PBXBuildFile section */
		BE46EFB123CCC987002E9E8F /* AppDelegate.swift in Sources */ = {isa = PBXBuildFile; fileRef = BE46EFB023CCC987002E9E8F /* AppDelegate.swift */; };
		BE46EFB323CCC987002E9E8F /* SceneDelegate.swift in Sources */ = {isa = PBXBuildFile; fileRef = BE46EFB223CCC987002E9E8F /* SceneDelegate.swift */; };
		BE46EFB523CCC987002E9E8F /* ViewController.swift in Sources */ = {isa = PBXBuildFile; fileRef = BE46EFB423CCC987002E9E8F /* ViewController.swift */; };
		BE46EFB823CCC987002E9E8F /* Main.storyboard in Resources */ = {isa = PBXBuildFile; fileRef = BE46EFB623CCC987002E9E8F /* Main.storyboard */; };
		BE46EFBA23CCC988002E9E8F /* Assets.xcassets in Resources */ = {isa = PBXBuildFile; fileRef = BE46EFB923CCC988002E9E8F /* Assets.xcassets */; };
		BE46EFBD23CCC988002E9E8F /* LaunchScreen.storyboard in Resources */ = {isa = PBXBuildFile; fileRef = BE46EFBB23CCC988002E9E8F /* LaunchScreen.storyboard */; };
		BE46EFC523CCCC98002E9E8F /* SettingsVC.swift in Sources */ = {isa = PBXBuildFile; fileRef = BE46EFC423CCCC98002E9E8F /* SettingsVC.swift */; };
		BE46EFC723CCD1DD002E9E8F /* User Settings.swift in Sources */ = {isa = PBXBuildFile; fileRef = BE46EFC623CCD1DD002E9E8F /* User Settings.swift */; };
/* End PBXBuildFile section */

/* Begin PBXFileReference section */
		BE46EFAD23CCC987002E9E8F /* UserDefaults.app */ = {isa = PBXFileReference; explicitFileType = wrapper.application; includeInIndex = 0; path = UserDefaults.app; sourceTree = BUILT_PRODUCTS_DIR; };
		BE46EFB023CCC987002E9E8F /* AppDelegate.swift */ = {isa = PBXFileReference; lastKnownFileType = sourcecode.swift; path = AppDelegate.swift; sourceTree = "<group>"; };
		BE46EFB223CCC987002E9E8F /* SceneDelegate.swift */ = {isa = PBXFileReference; lastKnownFileType = sourcecode.swift; path = SceneDelegate.swift; sourceTree = "<group>"; };
		BE46EFB423CCC987002E9E8F /* ViewController.swift */ = {isa = PBXFileReference; lastKnownFileType = sourcecode.swift; path = ViewController.swift; sourceTree = "<group>"; };
		BE46EFB723CCC987002E9E8F /* Base */ = {isa = PBXFileReference; lastKnownFileType = file.storyboard; name = Base; path = Base.lproj/Main.storyboard; sourceTree = "<group>"; };
		BE46EFB923CCC988002E9E8F /* Assets.xcassets */ = {isa = PBXFileReference; lastKnownFileType = folder.assetcatalog; path = Assets.xcassets; sourceTree = "<group>"; };
		BE46EFBC23CCC988002E9E8F /* Base */ = {isa = PBXFileReference; lastKnownFileType = file.storyboard; name = Base; path = Base.lproj/LaunchScreen.storyboard; sourceTree = "<group>"; };
		BE46EFBE23CCC988002E9E8F /* Info.plist */ = {isa = PBXFileReference; lastKnownFileType = text.plist.xml; path = Info.plist; sourceTree = "<group>"; };
		BE46EFC423CCCC98002E9E8F /* SettingsVC.swift */ = {isa = PBXFileReference; lastKnownFileType = sourcecode.swift; path = SettingsVC.swift; sourceTree = "<group>"; };
		BE46EFC623CCD1DD002E9E8F /* User Settings.swift */ = {isa = PBXFileReference; lastKnownFileType = sourcecode.swift; path = "User Settings.swift"; sourceTree = "<group>"; };
/* End PBXFileReference section */

/* Begin PBXFrameworksBuildPhase section */
		BE46EFAA23CCC987002E9E8F /* Frameworks */ = {
			isa = PBXFrameworksBuildPhase;
			buildActionMask = 2147483647;
			files = (
			);
			runOnlyForDeploymentPostprocessing = 0;
		};
/* End PBXFrameworksBuildPhase section */

/* Begin PBXGroup section */
		BE46EFA423CCC987002E9E8F = {
			isa = PBXGroup;
			children = (
				BE46EFAF23CCC987002E9E8F /* UserDefaults */,
				BE46EFAE23CCC987002E9E8F /* Products */,
			);
			sourceTree = "<group>";
		};
		BE46EFAE23CCC987002E9E8F /* Products */ = {
			isa = PBXGroup;
			children = (
				BE46EFAD23CCC987002E9E8F /* UserDefaults.app */,
			);
			name = Products;
			sourceTree = "<group>";
		};
		BE46EFAF23CCC987002E9E8F /* UserDefaults */ = {
			isa = PBXGroup;
			children = (
				BE46EFB023CCC987002E9E8F /* AppDelegate.swift */,
				BE46EFB223CCC987002E9E8F /* SceneDelegate.swift */,
				BE46EFB423CCC987002E9E8F /* ViewController.swift */,
				BE46EFB623CCC987002E9E8F /* Main.storyboard */,
				BE46EFC423CCCC98002E9E8F /* SettingsVC.swift */,
				BE46EFB923CCC988002E9E8F /* Assets.xcassets */,
				BE46EFBB23CCC988002E9E8F /* LaunchScreen.storyboard */,
				BE46EFBE23CCC988002E9E8F /* Info.plist */,
				BE46EFC623CCD1DD002E9E8F /* User Settings.swift */,
			);
			path = UserDefaults;
			sourceTree = "<group>";
		};
/* End PBXGroup section */

/* Begin PBXNativeTarget section */
		BE46EFAC23CCC987002E9E8F /* UserDefaults */ = {
			isa = PBXNativeTarget;
			buildConfigurationList = BE46EFC123CCC988002E9E8F /* Build configuration list for PBXNativeTarget "UserDefaults" */;
			buildPhases = (
				BE46EFA923CCC987002E9E8F /* Sources */,
				BE46EFAA23CCC987002E9E8F /* Frameworks */,
				BE46EFAB23CCC987002E9E8F /* Resources */,
			);
			buildRules = (
			);
			dependencies = (
			);
			name = UserDefaults;
			productName = UserDefaults;
			productReference = BE46EFAD23CCC987002E9E8F /* UserDefaults.app */;
			productType = "com.apple.product-type.application";
		};
/* End PBXNativeTarget section */

/* Begin PBXProject section */
		BE46EFA523CCC987002E9E8F /* Project object */ = {
			isa = PBXProject;
			attributes = {
				LastSwiftUpdateCheck = 1100;
				LastUpgradeCheck = 1100;
				ORGANIZATIONNAME = "Oscar Victoria Gonzalez ";
				TargetAttributes = {
					BE46EFAC23CCC987002E9E8F = {
						CreatedOnToolsVersion = 11.0;
					};
				};
			};
			buildConfigurationList = BE46EFA823CCC987002E9E8F /* Build configuration list for PBXProject "UserDefaults" */;
			compatibilityVersion = "Xcode 9.3";
			developmentRegion = en;
			hasScannedForEncodings = 0;
			knownRegions = (
				en,
				Base,
			);
			mainGroup = BE46EFA423CCC987002E9E8F;
			productRefGroup = BE46EFAE23CCC987002E9E8F /* Products */;
			projectDirPath = "";
			projectRoot = "";
			targets = (
				BE46EFAC23CCC987002E9E8F /* UserDefaults */,
			);
		};
/* End PBXProject section */

/* Begin PBXResourcesBuildPhase section */
		BE46EFAB23CCC987002E9E8F /* Resources */ = {
			isa = PBXResourcesBuildPhase;
			buildActionMask = 2147483647;
			files = (
				BE46EFBD23CCC988002E9E8F /* LaunchScreen.storyboard in Resources */,
				BE46EFBA23CCC988002E9E8F /* Assets.xcassets in Resources */,
				BE46EFB823CCC987002E9E8F /* Main.storyboard in Resources */,
			);
			runOnlyForDeploymentPostprocessing = 0;
		};
/* End PBXResourcesBuildPhase section */

/* Begin PBXSourcesBuildPhase section */
		BE46EFA923CCC987002E9E8F /* Sources */ = {
			isa = PBXSourcesBuildPhase;
			buildActionMask = 2147483647;
			files = (
				BE46EFC723CCD1DD002E9E8F /* User Settings.swift in Sources */,
				BE46EFB523CCC987002E9E8F /* ViewController.swift in Sources */,
				BE46EFC523CCCC98002E9E8F /* SettingsVC.swift in Sources */,
				BE46EFB123CCC987002E9E8F /* AppDelegate.swift in Sources */,
				BE46EFB323CCC987002E9E8F /* SceneDelegate.swift in Sources */,
			);
			runOnlyForDeploymentPostprocessing = 0;
		};
/* End PBXSourcesBuildPhase section */

/* Begin PBXVariantGroup section */
		BE46EFB623CCC987002E9E8F /* Main.storyboard */ = {
			isa = PBXVariantGroup;
			children = (
				BE46EFB723CCC987002E9E8F /* Base */,
			);
			name = Main.storyboard;
			sourceTree = "<group>";
		};
		BE46EFBB23CCC988002E9E8F /* LaunchScreen.storyboard */ = {
			isa = PBXVariantGroup;
			children = (
				BE46EFBC23CCC988002E9E8F /* Base */,
			);
			name = LaunchScreen.storyboard;
			sourceTree = "<group>";
		};
/* End PBXVariantGroup section */

/* Begin XCBuildConfiguration section */
		BE46EFBF23CCC988002E9E8F /* Debug */ = {
			isa = XCBuildConfiguration;
			buildSettings = {
				ALWAYS_SEARCH_USER_PATHS = NO;
				CLANG_ANALYZER_NONNULL = YES;
				CLANG_ANALYZER_NUMBER_OBJECT_CONVERSION = YES_AGGRESSIVE;
				CLANG_CXX_LANGUAGE_STANDARD = "gnu++14";
				CLANG_CXX_LIBRARY = "libc++";
				CLANG_ENABLE_MODULES = YES;
				CLANG_ENABLE_OBJC_ARC = YES;
				CLANG_ENABLE_OBJC_WEAK = YES;
				CLANG_WARN_BLOCK_CAPTURE_AUTORELEASING = YES;
				CLANG_WARN_BOOL_CONVERSION = YES;
				CLANG_WARN_COMMA = YES;
				CLANG_WARN_CONSTANT_CONVERSION = YES;
				CLANG_WARN_DEPRECATED_OBJC_IMPLEMENTATIONS = YES;
				CLANG_WARN_DIRECT_OBJC_ISA_USAGE = YES_ERROR;
				CLANG_WARN_DOCUMENTATION_COMMENTS = YES;
				CLANG_WARN_EMPTY_BODY = YES;
				CLANG_WARN_ENUM_CONVERSION = YES;
				CLANG_WARN_INFINITE_RECURSION = YES;
				CLANG_WARN_INT_CONVERSION = YES;
				CLANG_WARN_NON_LITERAL_NULL_CONVERSION = YES;
				CLANG_WARN_OBJC_IMPLICIT_RETAIN_SELF = YES;
				CLANG_WARN_OBJC_LITERAL_CONVERSION = YES;
				CLANG_WARN_OBJC_ROOT_CLASS = YES_ERROR;
				CLANG_WARN_RANGE_LOOP_ANALYSIS = YES;
				CLANG_WARN_STRICT_PROTOTYPES = YES;
				CLANG_WARN_SUSPICIOUS_MOVE = YES;
				CLANG_WARN_UNGUARDED_AVAILABILITY = YES_AGGRESSIVE;
				CLANG_WARN_UNREACHABLE_CODE = YES;
				CLANG_WARN__DUPLICATE_METHOD_MATCH = YES;
				COPY_PHASE_STRIP = NO;
				DEBUG_INFORMATION_FORMAT = dwarf;
				ENABLE_STRICT_OBJC_MSGSEND = YES;
				ENABLE_TESTABILITY = YES;
				GCC_C_LANGUAGE_STANDARD = gnu11;
				GCC_DYNAMIC_NO_PIC = NO;
				GCC_NO_COMMON_BLOCKS = YES;
				GCC_OPTIMIZATION_LEVEL = 0;
				GCC_PREPROCESSOR_DEFINITIONS = (
					"DEBUG=1",
					"$(inherited)",
				);
				GCC_WARN_64_TO_32_BIT_CONVERSION = YES;
				GCC_WARN_ABOUT_RETURN_TYPE = YES_ERROR;
				GCC_WARN_UNDECLARED_SELECTOR = YES;
				GCC_WARN_UNINITIALIZED_AUTOS = YES_AGGRESSIVE;
				GCC_WARN_UNUSED_FUNCTION = YES;
				GCC_WARN_UNUSED_VARIABLE = YES;
				IPHONEOS_DEPLOYMENT_TARGET = 13.0;
				MTL_ENABLE_DEBUG_INFO = INCLUDE_SOURCE;
				MTL_FAST_MATH = YES;
				ONLY_ACTIVE_ARCH = YES;
				SDKROOT = iphoneos;
				SWIFT_ACTIVE_COMPILATION_CONDITIONS = DEBUG;
				SWIFT_OPTIMIZATION_LEVEL = "-Onone";
			};
			name = Debug;
		};
		BE46EFC023CCC988002E9E8F /* Release */ = {
			isa = XCBuildConfiguration;
			buildSettings = {
				ALWAYS_SEARCH_USER_PATHS = NO;
				CLANG_ANALYZER_NONNULL = YES;
				CLANG_ANALYZER_NUMBER_OBJECT_CONVERSION = YES_AGGRESSIVE;
				CLANG_CXX_LANGUAGE_STANDARD = "gnu++14";
				CLANG_CXX_LIBRARY = "libc++";
				CLANG_ENABLE_MODULES = YES;
				CLANG_ENABLE_OBJC_ARC = YES;
				CLANG_ENABLE_OBJC_WEAK = YES;
				CLANG_WARN_BLOCK_CAPTURE_AUTORELEASING = YES;
				CLANG_WARN_BOOL_CONVERSION = YES;
				CLANG_WARN_COMMA = YES;
				CLANG_WARN_CONSTANT_CONVERSION = YES;
				CLANG_WARN_DEPRECATED_OBJC_IMPLEMENTATIONS = YES;
				CLANG_WARN_DIRECT_OBJC_ISA_USAGE = YES_ERROR;
				CLANG_WARN_DOCUMENTATION_COMMENTS = YES;
				CLANG_WARN_EMPTY_BODY = YES;
				CLANG_WARN_ENUM_CONVERSION = YES;
				CLANG_WARN_INFINITE_RECURSION = YES;
				CLANG_WARN_INT_CONVERSION = YES;
				CLANG_WARN_NON_LITERAL_NULL_CONVERSION = YES;
				CLANG_WARN_OBJC_IMPLICIT_RETAIN_SELF = YES;
				CLANG_WARN_OBJC_LITERAL_CONVERSION = YES;
				CLANG_WARN_OBJC_ROOT_CLASS = YES_ERROR;
				CLANG_WARN_RANGE_LOOP_ANALYSIS = YES;
				CLANG_WARN_STRICT_PROTOTYPES = YES;
				CLANG_WARN_SUSPICIOUS_MOVE = YES;
				CLANG_WARN_UNGUARDED_AVAILABILITY = YES_AGGRESSIVE;
				CLANG_WARN_UNREACHABLE_CODE = YES;
				CLANG_WARN__DUPLICATE_METHOD_MATCH = YES;
				COPY_PHASE_STRIP = NO;
				DEBUG_INFORMATION_FORMAT = "dwarf-with-dsym";
				ENABLE_NS_ASSERTIONS = NO;
				ENABLE_STRICT_OBJC_MSGSEND = YES;
				GCC_C_LANGUAGE_STANDARD = gnu11;
				GCC_NO_COMMON_BLOCKS = YES;
				GCC_WARN_64_TO_32_BIT_CONVERSION = YES;
				GCC_WARN_ABOUT_RETURN_TYPE = YES_ERROR;
				GCC_WARN_UNDECLARED_SELECTOR = YES;
				GCC_WARN_UNINITIALIZED_AUTOS = YES_AGGRESSIVE;
				GCC_WARN_UNUSED_FUNCTION = YES;
				GCC_WARN_UNUSED_VARIABLE = YES;
				IPHONEOS_DEPLOYMENT_TARGET = 13.0;
				MTL_ENABLE_DEBUG_INFO = NO;
				MTL_FAST_MATH = YES;
				SDKROOT = iphoneos;
				SWIFT_COMPILATION_MODE = wholemodule;
				SWIFT_OPTIMIZATION_LEVEL = "-O";
				VALIDATE_PRODUCT = YES;
			};
			name = Release;
		};
		BE46EFC223CCC988002E9E8F /* Debug */ = {
			isa = XCBuildConfiguration;
			buildSettings = {
				ASSETCATALOG_COMPILER_APPICON_NAME = AppIcon;
				CODE_SIGN_STYLE = Automatic;
				DEVELOPMENT_TEAM = S55722VFBC;
				INFOPLIST_FILE = UserDefaults/Info.plist;
				LD_RUNPATH_SEARCH_PATHS = (
					"$(inherited)",
					"@executable_path/Frameworks",
				);
				PRODUCT_BUNDLE_IDENTIFIER = oscarvictoria.UserDefaults;
				PRODUCT_NAME = "$(TARGET_NAME)";
				SWIFT_VERSION = 5.0;
				TARGETED_DEVICE_FAMILY = "1,2";
			};
			name = Debug;
		};
		BE46EFC323CCC988002E9E8F /* Release */ = {
			isa = XCBuildConfiguration;
			buildSettings = {
				ASSETCATALOG_COMPILER_APPICON_NAME = AppIcon;
				CODE_SIGN_STYLE = Automatic;
				DEVELOPMENT_TEAM = S55722VFBC;
				INFOPLIST_FILE = UserDefaults/Info.plist;
				LD_RUNPATH_SEARCH_PATHS = (
					"$(inherited)",
					"@executable_path/Frameworks",
				);
				PRODUCT_BUNDLE_IDENTIFIER = oscarvictoria.UserDefaults;
				PRODUCT_NAME = "$(TARGET_NAME)";
				SWIFT_VERSION = 5.0;
				TARGETED_DEVICE_FAMILY = "1,2";
			};
			name = Release;
		};
/* End XCBuildConfiguration section */

/* Begin XCConfigurationList section */
		BE46EFA823CCC987002E9E8F /* Build configuration list for PBXProject "UserDefaults" */ = {
			isa = XCConfigurationList;
			buildConfigurations = (
				BE46EFBF23CCC988002E9E8F /* Debug */,
				BE46EFC023CCC988002E9E8F /* Release */,
			);
			defaultConfigurationIsVisible = 0;
			defaultConfigurationName = Release;
		};
		BE46EFC123CCC988002E9E8F /* Build configuration list for PBXNativeTarget "UserDefaults" */ = {
			isa = XCConfigurationList;
			buildConfigurations = (
				BE46EFC223CCC988002E9E8F /* Debug */,
				BE46EFC323CCC988002E9E8F /* Release */,
			);
			defaultConfigurationIsVisible = 0;
			defaultConfigurationName = Release;
		};
/* End XCConfigurationList section */
	};
	rootObject = BE46EFA523CCC987002E9E8F /* Project object */;
}
